
Microsoft Visual Studio Solution File, Format Version 12.00
Project("{2150E333-8FDC-42A3-9474-1A3956D46DE8}") = "Solution Items", "Solution Items", "{86B8133E-9387-44CB-A016-8362CA09BE49}"
	ProjectSection(SolutionItems) = preProject
		compose.yaml = compose.yaml
	EndProjectSection
EndProject
Project("{2150E333-8FDC-42A3-9474-1A3956D46DE8}") = "API Gateway", "API Gateway", "{F1E5EC42-4A4B-4BE0-B609-9C573B88D52B}"
EndProject
Project("{FAE04EC0-301F-11D3-BF4B-00C04F79EFBC}") = "API Gateway", "API Gateway\API Gateway.csproj", "{1CEDDACB-00D7-4687-BF3F-686881C3D374}"
EndProject
Project("{2150E333-8FDC-42A3-9474-1A3956D46DE8}") = "TeamService", "TeamService", "{4D49C5BA-28B2-4C06-977A-2734601B6C44}"
EndProject
Project("{2150E333-8FDC-42A3-9474-1A3956D46DE8}") = "Application", "Application", "{2C936158-D985-4E7B-BA90-479260F9D48A}"
EndProject
Project("{2150E333-8FDC-42A3-9474-1A3956D46DE8}") = "Domain", "Domain", "{8D797B07-B5A7-4945-9666-FF706637605E}"
EndProject
Project("{2150E333-8FDC-42A3-9474-1A3956D46DE8}") = "Infrastructure", "Infrastructure", "{CA85F6A2-E4C0-494C-B441-293B783149D3}"
EndProject
Project("{FAE04EC0-301F-11D3-BF4B-00C04F79EFBC}") = "Team.WebApi", "Team.WebApi\Team.WebApi.csproj", "{5442E0B2-E0C5-46D1-8F37-92A71D74A7E2}"
EndProject
Project("{FAE04EC0-301F-11D3-BF4B-00C04F79EFBC}") = "Team.Domain", "Team.Domain\Team.Domain.csproj", "{DF71B049-A55E-4CEE-A855-20212E341B2C}"
EndProject
Project("{FAE04EC0-301F-11D3-BF4B-00C04F79EFBC}") = "Team.Infrastructure", "Team.Infrastructure\Team.Infrastructure.csproj", "{1E7CA39B-7360-47DD-967B-FC842E74E683}"
EndProject
Project("{FAE04EC0-301F-11D3-BF4B-00C04F79EFBC}") = "Team.Application", "Team.Application\Team.Application.csproj", "{920BC8E3-FF63-4399-828B-575CFADF5AFC}"
EndProject
Global
	GlobalSection(SolutionConfigurationPlatforms) = preSolution
		Debug|Any CPU = Debug|Any CPU
		Release|Any CPU = Release|Any CPU
	EndGlobalSection
	GlobalSection(ProjectConfigurationPlatforms) = postSolution
		{1CEDDACB-00D7-4687-BF3F-686881C3D374}.Debug|Any CPU.ActiveCfg = Debug|Any CPU
		{1CEDDACB-00D7-4687-BF3F-686881C3D374}.Debug|Any CPU.Build.0 = Debug|Any CPU
		{1CEDDACB-00D7-4687-BF3F-686881C3D374}.Release|Any CPU.ActiveCfg = Release|Any CPU
		{1CEDDACB-00D7-4687-BF3F-686881C3D374}.Release|Any CPU.Build.0 = Release|Any CPU
		{5442E0B2-E0C5-46D1-8F37-92A71D74A7E2}.Debug|Any CPU.ActiveCfg = Debug|Any CPU
		{5442E0B2-E0C5-46D1-8F37-92A71D74A7E2}.Debug|Any CPU.Build.0 = Debug|Any CPU
		{5442E0B2-E0C5-46D1-8F37-92A71D74A7E2}.Release|Any CPU.ActiveCfg = Release|Any CPU
		{5442E0B2-E0C5-46D1-8F37-92A71D74A7E2}.Release|Any CPU.Build.0 = Release|Any CPU
		{DF71B049-A55E-4CEE-A855-20212E341B2C}.Debug|Any CPU.ActiveCfg = Debug|Any CPU
		{DF71B049-A55E-4CEE-A855-20212E341B2C}.Debug|Any CPU.Build.0 = Debug|Any CPU
		{DF71B049-A55E-4CEE-A855-20212E341B2C}.Release|Any CPU.ActiveCfg = Release|Any CPU
		{DF71B049-A55E-4CEE-A855-20212E341B2C}.Release|Any CPU.Build.0 = Release|Any CPU
		{1E7CA39B-7360-47DD-967B-FC842E74E683}.Debug|Any CPU.ActiveCfg = Debug|Any CPU
		{1E7CA39B-7360-47DD-967B-FC842E74E683}.Debug|Any CPU.Build.0 = Debug|Any CPU
		{1E7CA39B-7360-47DD-967B-FC842E74E683}.Release|Any CPU.ActiveCfg = Release|Any CPU
		{1E7CA39B-7360-47DD-967B-FC842E74E683}.Release|Any CPU.Build.0 = Release|Any CPU
		{920BC8E3-FF63-4399-828B-575CFADF5AFC}.Debug|Any CPU.ActiveCfg = Debug|Any CPU
		{920BC8E3-FF63-4399-828B-575CFADF5AFC}.Debug|Any CPU.Build.0 = Debug|Any CPU
		{920BC8E3-FF63-4399-828B-575CFADF5AFC}.Release|Any CPU.ActiveCfg = Release|Any CPU
		{920BC8E3-FF63-4399-828B-575CFADF5AFC}.Release|Any CPU.Build.0 = Release|Any CPU
	EndGlobalSection
	GlobalSection(NestedProjects) = preSolution
		{1CEDDACB-00D7-4687-BF3F-686881C3D374} = {F1E5EC42-4A4B-4BE0-B609-9C573B88D52B}
		{2C936158-D985-4E7B-BA90-479260F9D48A} = {4D49C5BA-28B2-4C06-977A-2734601B6C44}
		{8D797B07-B5A7-4945-9666-FF706637605E} = {4D49C5BA-28B2-4C06-977A-2734601B6C44}
		{CA85F6A2-E4C0-494C-B441-293B783149D3} = {4D49C5BA-28B2-4C06-977A-2734601B6C44}
		{5442E0B2-E0C5-46D1-8F37-92A71D74A7E2} = {4D49C5BA-28B2-4C06-977A-2734601B6C44}
		{DF71B049-A55E-4CEE-A855-20212E341B2C} = {8D797B07-B5A7-4945-9666-FF706637605E}
		{1E7CA39B-7360-47DD-967B-FC842E74E683} = {CA85F6A2-E4C0-494C-B441-293B783149D3}
		{920BC8E3-FF63-4399-828B-575CFADF5AFC} = {2C936158-D985-4E7B-BA90-479260F9D48A}
	EndGlobalSection
EndGlobal
